
Microsoft Visual Studio Solution File, Format Version 12.00
# Visual Studio Version 16
VisualStudioVersion = 16.0.31424.327
MinimumVisualStudioVersion = 10.0.40219.1
Project("{FAE04EC0-301F-11D3-BF4B-00C04F79EFBC}") = "task1", "task1.csproj", "{994CCC48-DEB3-405E-8140-B8503622735E}"
EndProject
Global
	GlobalSection(SolutionConfigurationPlatforms) = preSolution
		Debug|Any CPU = Debug|Any CPU
		Release|Any CPU = Release|Any CPU
	EndGlobalSection
	GlobalSection(ProjectConfigurationPlatforms) = postSolution
		{994CCC48-DEB3-405E-8140-B8503622735E}.Debug|Any CPU.ActiveCfg = Debug|Any CPU
		{994CCC48-DEB3-405E-8140-B8503622735E}.Debug|Any CPU.Build.0 = Debug|Any CPU
		{994CCC48-DEB3-405E-8140-B8503622735E}.Release|Any CPU.ActiveCfg = Release|Any CPU
		{994CCC48-DEB3-405E-8140-B8503622735E}.Release|Any CPU.Build.0 = Release|Any CPU
	EndGlobalSection
	GlobalSection(SolutionProperties) = preSolution
		HideSolutionNode = FALSE
	EndGlobalSection
	GlobalSection(ExtensibilityGlobals) = postSolution
		SolutionGuid = {6CA58EF4-C742-4F7B-AC39-7D18D82D5E55}
	EndGlobalSection
EndGlobal
